
Microsoft Visual Studio Solution File, Format Version 12.00
# Visual Studio Version 16
VisualStudioVersion = 16.0.31729.503
MinimumVisualStudioVersion = 10.0.40219.1
Project("{FAE04EC0-301F-11D3-BF4B-00C04F79EFBC}") = "ORC2020E270_NOK_Viewer", "ORC2020E270_NOK_Viewer\ORC2020E270_NOK_Viewer.csproj", "{AF04D6D9-307F-47D5-93B2-ED5FA81096BB}"
EndProject
Global
	GlobalSection(SolutionConfigurationPlatforms) = preSolution
		Debug|Any CPU = Debug|Any CPU
		Release|Any CPU = Release|Any CPU
	EndGlobalSection
	GlobalSection(ProjectConfigurationPlatforms) = postSolution
		{AF04D6D9-307F-47D5-93B2-ED5FA81096BB}.Debug|Any CPU.ActiveCfg = Debug|Any CPU
		{AF04D6D9-307F-47D5-93B2-ED5FA81096BB}.Debug|Any CPU.Build.0 = Debug|Any CPU
		{AF04D6D9-307F-47D5-93B2-ED5FA81096BB}.Release|Any CPU.ActiveCfg = Release|Any CPU
		{AF04D6D9-307F-47D5-93B2-ED5FA81096BB}.Release|Any CPU.Build.0 = Release|Any CPU
	EndGlobalSection
	GlobalSection(SolutionProperties) = preSolution
		HideSolutionNode = FALSE
	EndGlobalSection
	GlobalSection(ExtensibilityGlobals) = postSolution
		SolutionGuid = {7DFF458E-BCE9-4E53-BC95-8745FEDAED68}
	EndGlobalSection
EndGlobal
